{
  "meteor": {},
  "dependencies": {
    "basePackages": {
      "iron-router": {},
      "fastclick": {},
      "xml2js": {},
      "moment": {},
      "moment-timezone": {}
    },
    "packages": {
      "iron-router": {
        "git": "https://github.com/EventedMind/iron-router.git",
        "tag": "v0.6.2",
        "commit": "ce56e58b45624dce992490f3a1c10f10d3948bae"
      },
      "fastclick": {
        "git": "https://github.com/percolatestudio/meteor-fastclick",
        "tag": "v0.6.7",
        "commit": "fcb3bfd34d9f6874e626b4e24e8f54107938db41"
      },
      "xml2js": {
        "git": "https://github.com/peerlibrary/meteor-xml2js.git",
        "tag": "v0.2.8.4",
        "commit": "98ba391239dd79901a7718593b48c1a7e6b0f7b2"
      },
      "moment": {
        "git": "https://github.com/acreeger/meteor-moment.git",
        "tag": "v2.5.1",
        "commit": "8c9bc5d3fc96705057737cb9743d555417f6e551"
      },
      "moment-timezone": {
        "git": "https://github.com/acreeger/meteor-moment-timezone",
        "tag": "v0.0.1.4",
        "commit": "feb364efb1ec0cefb870d5981b2b836b45211455"
      },
      "blocking": {
        "git": "https://github.com/peerlibrary/meteor-blocking.git",
        "tag": "v0.4.0",
        "commit": "e25a0be72e771b317b26d2bb5758c983bdcef23c"
      }
    }
  }
}
